
Microsoft Visual Studio Solution File, Format Version 12.00
# Visual Studio 14
VisualStudioVersion = 14.0.25420.1
MinimumVisualStudioVersion = 10.0.40219.1
Project("{2150E333-8FDC-42A3-9474-1A3956D46DE8}") = "Solution Items", "Solution Items", "{B5F123F2-632A-498E-88E9-1C6119D80E58}"
	ProjectSection(SolutionItems) = preProject
		..\Objective 2\index.html = ..\Objective 2\index.html
		..\Objective 2\Style.css = ..\Objective 2\Style.css
	EndProjectSection
EndProject
Global
	GlobalSection(SolutionProperties) = preSolution
		HideSolutionNode = FALSE
	EndGlobalSection
EndGlobal
